
Microsoft Visual Studio Solution File, Format Version 12.00
# Visual Studio Version 16
VisualStudioVersion = 16.0.30114.105
MinimumVisualStudioVersion = 10.0.40219.1
Project("{FAE04EC0-301F-11D3-BF4B-00C04F79EFBC}") = "Rs.App.Core.Ng.ClientRegistration", "Src\Rs.App.Core.Ng.ClientRegistration\Rs.App.Core.Ng.ClientRegistration.csproj", "{AAAA6F5C-9201-4951-B024-4D3E349BE3BC}"
EndProject
Global
	GlobalSection(SolutionConfigurationPlatforms) = preSolution
		Debug|Any CPU = Debug|Any CPU
		Release|Any CPU = Release|Any CPU
	EndGlobalSection
	GlobalSection(ProjectConfigurationPlatforms) = postSolution
		{AAAA6F5C-9201-4951-B024-4D3E349BE3BC}.Debug|Any CPU.ActiveCfg = Debug|Any CPU
		{AAAA6F5C-9201-4951-B024-4D3E349BE3BC}.Debug|Any CPU.Build.0 = Debug|Any CPU
		{AAAA6F5C-9201-4951-B024-4D3E349BE3BC}.Release|Any CPU.ActiveCfg = Release|Any CPU
		{AAAA6F5C-9201-4951-B024-4D3E349BE3BC}.Release|Any CPU.Build.0 = Release|Any CPU
	EndGlobalSection
	GlobalSection(SolutionProperties) = preSolution
		HideSolutionNode = FALSE
	EndGlobalSection
	GlobalSection(ExtensibilityGlobals) = postSolution
		SolutionGuid = {7669C3F2-F032-4DCC-916B-843CA776048A}
	EndGlobalSection
EndGlobal
